
Microsoft Visual Studio Solution File, Format Version 12.00
# Visual Studio Version 16
VisualStudioVersion = 16.0.29613.14
MinimumVisualStudioVersion = 10.0.40219.1
Project("{FAE04EC0-301F-11D3-BF4B-00C04F79EFBC}") = "Chess", "Chess\Chess.csproj", "{521CB4CC-2BC5-429B-89DB-648B14F22E5F}"
EndProject
Global
	GlobalSection(SolutionConfigurationPlatforms) = preSolution
		Debug|Any CPU = Debug|Any CPU
		Release|Any CPU = Release|Any CPU
	EndGlobalSection
	GlobalSection(ProjectConfigurationPlatforms) = postSolution
		{521CB4CC-2BC5-429B-89DB-648B14F22E5F}.Debug|Any CPU.ActiveCfg = Debug|Any CPU
		{521CB4CC-2BC5-429B-89DB-648B14F22E5F}.Debug|Any CPU.Build.0 = Debug|Any CPU
		{521CB4CC-2BC5-429B-89DB-648B14F22E5F}.Release|Any CPU.ActiveCfg = Release|Any CPU
		{521CB4CC-2BC5-429B-89DB-648B14F22E5F}.Release|Any CPU.Build.0 = Release|Any CPU
	EndGlobalSection
	GlobalSection(SolutionProperties) = preSolution
		HideSolutionNode = FALSE
	EndGlobalSection
	GlobalSection(ExtensibilityGlobals) = postSolution
		SolutionGuid = {259467E9-EC4E-427E-9653-0C420FAE6285}
	EndGlobalSection
EndGlobal
